
Microsoft Visual Studio Solution File, Format Version 12.00
# Visual Studio Version 17
VisualStudioVersion = 17.10.35027.167
MinimumVisualStudioVersion = 10.0.40219.1
Project("{FAE04EC0-301F-11D3-BF4B-00C04F79EFBC}") = "Dao.WhatsCdc", "Dao.WhatsCdc\Dao.WhatsCdc.csproj", "{C8B7244B-3086-446F-9105-2E23A2BD913F}"
EndProject
Global
	GlobalSection(SolutionConfigurationPlatforms) = preSolution
		Debug|Any CPU = Debug|Any CPU
		Release|Any CPU = Release|Any CPU
	EndGlobalSection
	GlobalSection(ProjectConfigurationPlatforms) = postSolution
		{C8B7244B-3086-446F-9105-2E23A2BD913F}.Debug|Any CPU.ActiveCfg = Debug|Any CPU
		{C8B7244B-3086-446F-9105-2E23A2BD913F}.Debug|Any CPU.Build.0 = Debug|Any CPU
		{C8B7244B-3086-446F-9105-2E23A2BD913F}.Release|Any CPU.ActiveCfg = Release|Any CPU
		{C8B7244B-3086-446F-9105-2E23A2BD913F}.Release|Any CPU.Build.0 = Release|Any CPU
	EndGlobalSection
	GlobalSection(SolutionProperties) = preSolution
		HideSolutionNode = FALSE
	EndGlobalSection
	GlobalSection(ExtensibilityGlobals) = postSolution
		SolutionGuid = {AEF32794-0927-47C3-AEAA-0EFC5A90BF12}
	EndGlobalSection
EndGlobal
